
Microsoft Visual Studio Solution File, Format Version 12.00
# Visual Studio Version 17
VisualStudioVersion = 17.9.34622.214
MinimumVisualStudioVersion = 10.0.40219.1
Project("{9A19103F-16F7-4668-BE54-9A1E7A4F7556}") = "RubyMarshal", "RubyMarshal\RubyMarshal.csproj", "{DE7DE26A-E6A8-4544-A178-2898A0FD15E9}"
EndProject
Project("{9A19103F-16F7-4668-BE54-9A1E7A4F7556}") = "TestApp", "TestApp\TestApp.csproj", "{45D9E443-F842-4608-A646-6A38E81120A3}"
EndProject
Project("{2150E333-8FDC-42A3-9474-1A3956D46DE8}") = "解决方案项", "解决方案项", "{874B972B-E1EA-47C6-8B91-C71D9CCF131E}"
	ProjectSection(SolutionItems) = preProject
		LICENSE = LICENSE
		README.md = README.md
	EndProjectSection
EndProject
Global
	GlobalSection(SolutionConfigurationPlatforms) = preSolution
		Debug|Any CPU = Debug|Any CPU
		Release|Any CPU = Release|Any CPU
	EndGlobalSection
	GlobalSection(ProjectConfigurationPlatforms) = postSolution
		{DE7DE26A-E6A8-4544-A178-2898A0FD15E9}.Debug|Any CPU.ActiveCfg = Debug|Any CPU
		{DE7DE26A-E6A8-4544-A178-2898A0FD15E9}.Debug|Any CPU.Build.0 = Debug|Any CPU
		{DE7DE26A-E6A8-4544-A178-2898A0FD15E9}.Release|Any CPU.ActiveCfg = Release|Any CPU
		{DE7DE26A-E6A8-4544-A178-2898A0FD15E9}.Release|Any CPU.Build.0 = Release|Any CPU
		{45D9E443-F842-4608-A646-6A38E81120A3}.Debug|Any CPU.ActiveCfg = Debug|Any CPU
		{45D9E443-F842-4608-A646-6A38E81120A3}.Debug|Any CPU.Build.0 = Debug|Any CPU
		{45D9E443-F842-4608-A646-6A38E81120A3}.Release|Any CPU.ActiveCfg = Release|Any CPU
		{45D9E443-F842-4608-A646-6A38E81120A3}.Release|Any CPU.Build.0 = Release|Any CPU
	EndGlobalSection
	GlobalSection(SolutionProperties) = preSolution
		HideSolutionNode = FALSE
	EndGlobalSection
	GlobalSection(ExtensibilityGlobals) = postSolution
		SolutionGuid = {2FEC67B2-C857-4613-B711-861C6CD61260}
	EndGlobalSection
EndGlobal
